
Microsoft Visual Studio Solution File, Format Version 12.00
# Visual Studio 15
VisualStudioVersion = 15.0.27703.2035
MinimumVisualStudioVersion = 10.0.40219.1
Project("{FAE04EC0-301F-11D3-BF4B-00C04F79EFBC}") = "Eventsdelegetes", "Eventsdelegetes\Eventsdelegetes.csproj", "{29C075DE-9309-448E-AE67-3EA394A55C9D}"
EndProject
Global
	GlobalSection(SolutionConfigurationPlatforms) = preSolution
		Debug|Any CPU = Debug|Any CPU
		Release|Any CPU = Release|Any CPU
	EndGlobalSection
	GlobalSection(ProjectConfigurationPlatforms) = postSolution
		{29C075DE-9309-448E-AE67-3EA394A55C9D}.Debug|Any CPU.ActiveCfg = Debug|Any CPU
		{29C075DE-9309-448E-AE67-3EA394A55C9D}.Debug|Any CPU.Build.0 = Debug|Any CPU
		{29C075DE-9309-448E-AE67-3EA394A55C9D}.Release|Any CPU.ActiveCfg = Release|Any CPU
		{29C075DE-9309-448E-AE67-3EA394A55C9D}.Release|Any CPU.Build.0 = Release|Any CPU
	EndGlobalSection
	GlobalSection(SolutionProperties) = preSolution
		HideSolutionNode = FALSE
	EndGlobalSection
	GlobalSection(ExtensibilityGlobals) = postSolution
		SolutionGuid = {AFB65611-B346-43F9-A25D-FBC3DBE35A06}
	EndGlobalSection
EndGlobal
